
Microsoft Visual Studio Solution File, Format Version 12.00
# Visual Studio Version 17
VisualStudioVersion = 17.6.33815.320
MinimumVisualStudioVersion = 10.0.40219.1
Project("{FAE04EC0-301F-11D3-BF4B-00C04F79EFBC}") = "DynamicWebPage_MasterPage", "DynamicWebPage_MasterPage\DynamicWebPage_MasterPage.csproj", "{372D4A10-35B9-4618-ADBC-5F75C986F6A8}"
EndProject
Global
	GlobalSection(SolutionConfigurationPlatforms) = preSolution
		Debug|Any CPU = Debug|Any CPU
		Release|Any CPU = Release|Any CPU
	EndGlobalSection
	GlobalSection(ProjectConfigurationPlatforms) = postSolution
		{372D4A10-35B9-4618-ADBC-5F75C986F6A8}.Debug|Any CPU.ActiveCfg = Debug|Any CPU
		{372D4A10-35B9-4618-ADBC-5F75C986F6A8}.Debug|Any CPU.Build.0 = Debug|Any CPU
		{372D4A10-35B9-4618-ADBC-5F75C986F6A8}.Release|Any CPU.ActiveCfg = Release|Any CPU
		{372D4A10-35B9-4618-ADBC-5F75C986F6A8}.Release|Any CPU.Build.0 = Release|Any CPU
	EndGlobalSection
	GlobalSection(SolutionProperties) = preSolution
		HideSolutionNode = FALSE
	EndGlobalSection
	GlobalSection(ExtensibilityGlobals) = postSolution
		SolutionGuid = {5B6AEDB0-BA67-40C6-9D1C-89DC45043740}
	EndGlobalSection
EndGlobal
